
Microsoft Visual Studio Solution File, Format Version 12.00
# Visual Studio 15
VisualStudioVersion = 15.0.27130.2036
MinimumVisualStudioVersion = 10.0.40219.1
Project("{FAE04EC0-301F-11D3-BF4B-00C04F79EFBC}") = "Calendar", "Calendar\Calendar.csproj", "{453E040A-8DFA-43A7-BD31-8A5826104FFC}"
EndProject
Project("{FAE04EC0-301F-11D3-BF4B-00C04F79EFBC}") = "DayView", "DayView\DayView.csproj", "{D17A4D6A-4CAA-4470-8A19-F42463C021FD}"
EndProject
Project("{FAE04EC0-301F-11D3-BF4B-00C04F79EFBC}") = "Timetable Optimiser", "Timetable Optimiser\Timetable Optimiser.csproj", "{B9AF8D1D-0EF7-4756-8CBC-34A3A9016B25}"
EndProject
Global
	GlobalSection(SolutionConfigurationPlatforms) = preSolution
		Debug|Any CPU = Debug|Any CPU
		Release|Any CPU = Release|Any CPU
	EndGlobalSection
	GlobalSection(ProjectConfigurationPlatforms) = postSolution
		{453E040A-8DFA-43A7-BD31-8A5826104FFC}.Debug|Any CPU.ActiveCfg = Debug|Any CPU
		{453E040A-8DFA-43A7-BD31-8A5826104FFC}.Debug|Any CPU.Build.0 = Debug|Any CPU
		{453E040A-8DFA-43A7-BD31-8A5826104FFC}.Release|Any CPU.ActiveCfg = Release|Any CPU
		{453E040A-8DFA-43A7-BD31-8A5826104FFC}.Release|Any CPU.Build.0 = Release|Any CPU
		{D17A4D6A-4CAA-4470-8A19-F42463C021FD}.Debug|Any CPU.ActiveCfg = Debug|Any CPU
		{D17A4D6A-4CAA-4470-8A19-F42463C021FD}.Debug|Any CPU.Build.0 = Debug|Any CPU
		{D17A4D6A-4CAA-4470-8A19-F42463C021FD}.Release|Any CPU.ActiveCfg = Release|Any CPU
		{D17A4D6A-4CAA-4470-8A19-F42463C021FD}.Release|Any CPU.Build.0 = Release|Any CPU
		{B9AF8D1D-0EF7-4756-8CBC-34A3A9016B25}.Debug|Any CPU.ActiveCfg = Debug|Any CPU
		{B9AF8D1D-0EF7-4756-8CBC-34A3A9016B25}.Debug|Any CPU.Build.0 = Debug|Any CPU
		{B9AF8D1D-0EF7-4756-8CBC-34A3A9016B25}.Release|Any CPU.ActiveCfg = Release|Any CPU
		{B9AF8D1D-0EF7-4756-8CBC-34A3A9016B25}.Release|Any CPU.Build.0 = Release|Any CPU
	EndGlobalSection
	GlobalSection(SolutionProperties) = preSolution
		HideSolutionNode = FALSE
	EndGlobalSection
	GlobalSection(ExtensibilityGlobals) = postSolution
		SolutionGuid = {417E0D0E-597B-499D-AF8F-6232E8F1780D}
	EndGlobalSection
EndGlobal
